
Microsoft Visual Studio Solution File, Format Version 12.00
# Visual Studio Version 17
VisualStudioVersion = 17.13.35931.197 d17.13
MinimumVisualStudioVersion = 10.0.40219.1
Project("{FAE04EC0-301F-11D3-BF4B-00C04F79EFBC}") = "S25W2IntroToMethods", "S25W2IntroToMethods\S25W2IntroToMethods.csproj", "{B0500048-BAE4-43ED-9172-60D812216231}"
EndProject
Project("{FAE04EC0-301F-11D3-BF4B-00C04F79EFBC}") = "IntroToEnums", "IntroToEnums\IntroToEnums.csproj", "{DF11A3F6-9662-449C-B033-CD2438AA6DA8}"
EndProject
Global
	GlobalSection(SolutionConfigurationPlatforms) = preSolution
		Debug|Any CPU = Debug|Any CPU
		Release|Any CPU = Release|Any CPU
	EndGlobalSection
	GlobalSection(ProjectConfigurationPlatforms) = postSolution
		{B0500048-BAE4-43ED-9172-60D812216231}.Debug|Any CPU.ActiveCfg = Debug|Any CPU
		{B0500048-BAE4-43ED-9172-60D812216231}.Debug|Any CPU.Build.0 = Debug|Any CPU
		{B0500048-BAE4-43ED-9172-60D812216231}.Release|Any CPU.ActiveCfg = Release|Any CPU
		{B0500048-BAE4-43ED-9172-60D812216231}.Release|Any CPU.Build.0 = Release|Any CPU
		{DF11A3F6-9662-449C-B033-CD2438AA6DA8}.Debug|Any CPU.ActiveCfg = Debug|Any CPU
		{DF11A3F6-9662-449C-B033-CD2438AA6DA8}.Debug|Any CPU.Build.0 = Debug|Any CPU
		{DF11A3F6-9662-449C-B033-CD2438AA6DA8}.Release|Any CPU.ActiveCfg = Release|Any CPU
		{DF11A3F6-9662-449C-B033-CD2438AA6DA8}.Release|Any CPU.Build.0 = Release|Any CPU
	EndGlobalSection
	GlobalSection(SolutionProperties) = preSolution
		HideSolutionNode = FALSE
	EndGlobalSection
	GlobalSection(ExtensibilityGlobals) = postSolution
		SolutionGuid = {5BE6D559-06B1-423F-8819-1851A76D53E5}
	EndGlobalSection
EndGlobal
